
Microsoft Visual Studio Solution File, Format Version 12.00
# Visual Studio 15
VisualStudioVersion = 15.0.28307.1145
MinimumVisualStudioVersion = 10.0.40219.1
Project("{FAE04EC0-301F-11D3-BF4B-00C04F79EFBC}") = "BAIMI", "BAIMI\BAIMI.csproj", "{0B7D0A1A-66F9-42F7-B544-C4E598997FA3}"
EndProject
Global
	GlobalSection(SolutionConfigurationPlatforms) = preSolution
		Debug|Any CPU = Debug|Any CPU
		Release|Any CPU = Release|Any CPU
	EndGlobalSection
	GlobalSection(ProjectConfigurationPlatforms) = postSolution
		{0B7D0A1A-66F9-42F7-B544-C4E598997FA3}.Debug|Any CPU.ActiveCfg = Debug|Any CPU
		{0B7D0A1A-66F9-42F7-B544-C4E598997FA3}.Debug|Any CPU.Build.0 = Debug|Any CPU
		{0B7D0A1A-66F9-42F7-B544-C4E598997FA3}.Release|Any CPU.ActiveCfg = Release|Any CPU
		{0B7D0A1A-66F9-42F7-B544-C4E598997FA3}.Release|Any CPU.Build.0 = Release|Any CPU
	EndGlobalSection
	GlobalSection(SolutionProperties) = preSolution
		HideSolutionNode = FALSE
	EndGlobalSection
	GlobalSection(ExtensibilityGlobals) = postSolution
		SolutionGuid = {F897EA35-1742-4B20-9815-5C3BE0483900}
	EndGlobalSection
EndGlobal
